{
  "version": 4,
  "terraform_version": "1.0.0",
  "serial": 52,
  "lineage": "2e9b48e7-99a3-82d2-0b53-d17882e34ac8",
  "outputs": {},
  "resources": [
    {
      "mode": "managed",
      "type": "aci_application_epg",
      "name": "fooapplication_epg",
      "provider": "provider[\"registry.terraform.io/ciscodevnet/aci\"]",
      "instances": [
        {
          "schema_version": 1,
          "attributes": {
            "annotation": "tag_epg",
            "application_profile_dn": "uni/tn-test-tenant/ap-demo_ap",
            "description": "%s",
            "exception_tag": "0",
            "flood_on_encap": "disabled",
            "fwd_ctrl": "",
            "has_mcast_source": "no",
            "id": "uni/tn-test-tenant/ap-demo_ap/epg-demo_epg",
            "is_attr_based_epg": "no",
            "match_t": "AtleastOne",
            "name": "demo_epg",
            "name_alias": "alias_epg",
            "pc_enf_pref": "unenforced",
            "pref_gr_memb": "exclude",
            "prio": "level1",
            "relation_fv_rs_aepg_mon_pol": "",
            "relation_fv_rs_bd": null,
            "relation_fv_rs_cons": null,
            "relation_fv_rs_cons_if": null,
            "relation_fv_rs_cust_qos_pol": null,
            "relation_fv_rs_dpp_pol": "",
            "relation_fv_rs_fc_path_att": null,
            "relation_fv_rs_graph_def": null,
            "relation_fv_rs_intra_epg": null,
            "relation_fv_rs_node_att": null,
            "relation_fv_rs_prot_by": null,
            "relation_fv_rs_prov": null,
            "relation_fv_rs_prov_def": null,
            "relation_fv_rs_sec_inherited": null,
            "relation_fv_rs_trust_ctrl": "",
            "shutdown": "no"
          },
          "sensitive_attributes": [],
          "private": "eyJzY2hlbWFfdmVyc2lvbiI6IjEifQ==",
          "dependencies": [
            "aci_application_profile.test_ap",
            "aci_tenant.test-tenant"
          ]
        }
      ]
    },
    {
      "mode": "managed",
      "type": "aci_application_profile",
      "name": "test-app",
      "provider": "provider[\"registry.terraform.io/ciscodevnet/aci\"]",
      "instances": [
        {
          "schema_version": 1,
          "attributes": {
            "annotation": "orchestrator:terraform",
            "description": "This app profile is created by terraform",
            "id": "uni/tn-test-tenant/ap-test-app",
            "name": "test-app",
            "name_alias": "",
            "prio": "unspecified",
            "relation_fv_rs_ap_mon_pol": "",
            "tenant_dn": "uni/tn-test-tenant"
          },
          "sensitive_attributes": [],
          "private": "eyJzY2hlbWFfdmVyc2lvbiI6IjEifQ==",
          "dependencies": [
            "aci_tenant.test-tenant"
          ]
        }
      ]
    },
    {
      "mode": "managed",
      "type": "aci_application_profile",
      "name": "test_ap",
      "provider": "provider[\"registry.terraform.io/ciscodevnet/aci\"]",
      "instances": [
        {
          "schema_version": 1,
          "attributes": {
            "annotation": "orchestrator:terraform",
            "description": "",
            "id": "uni/tn-test-tenant/ap-demo_ap",
            "name": "demo_ap",
            "name_alias": "test_ap",
            "prio": "level1",
            "relation_fv_rs_ap_mon_pol": "",
            "tenant_dn": "uni/tn-test-tenant"
          },
          "sensitive_attributes": [],
          "private": "eyJzY2hlbWFfdmVyc2lvbiI6IjEifQ==",
          "dependencies": [
            "aci_tenant.test-tenant"
          ]
        }
      ]
    },
    {
      "mode": "managed",
      "type": "aci_bridge_domain",
      "name": "foobridge_domain",
      "provider": "provider[\"registry.terraform.io/ciscodevnet/aci\"]",
      "instances": [
        {
          "schema_version": 1,
          "attributes": {
            "annotation": "tag_bd",
            "arp_flood": "no",
            "bridge_domain_type": "regular",
            "description": "sample bridge domain",
            "ep_clear": "no",
            "ep_move_detect_mode": "garp",
            "host_based_routing": "no",
            "id": "uni/tn-test-tenant/BD-demo_bd",
            "intersite_bum_traffic_allow": "yes",
            "intersite_l2_stretch": "yes",
            "ip_learning": "yes",
            "ipv6_mcast_allow": "no",
            "limit_ip_learn_to_subnets": "yes",
            "ll_addr": "::",
            "mac": "00:22:BD:F8:19:FF",
            "mcast_allow": "yes",
            "multi_dst_pkt_act": "bd-flood",
            "name": "demo_bd",
            "name_alias": "alias_bd",
            "optimize_wan_bandwidth": "no",
            "relation_fv_rs_abd_pol_mon_pol": "",
            "relation_fv_rs_bd_flood_to": null,
            "relation_fv_rs_bd_to_ep_ret": null,
            "relation_fv_rs_bd_to_fhs": "",
            "relation_fv_rs_bd_to_nd_p": null,
            "relation_fv_rs_bd_to_netflow_monitor_pol": [],
            "relation_fv_rs_bd_to_out": null,
            "relation_fv_rs_bd_to_profile": "",
            "relation_fv_rs_bd_to_relay_p": "",
            "relation_fv_rs_ctx": null,
            "relation_fv_rs_igmpsn": null,
            "relation_fv_rs_mldsn": null,
            "tenant_dn": "uni/tn-test-tenant",
            "unicast_route": "no",
            "unk_mac_ucast_act": "flood",
            "unk_mcast_act": "flood",
            "v6unk_mcast_act": "flood",
            "vmac": "not-applicable"
          },
          "sensitive_attributes": [],
          "private": "eyJzY2hlbWFfdmVyc2lvbiI6IjEifQ==",
          "dependencies": [
            "aci_tenant.test-tenant"
          ]
        }
      ]
    },
    {
      "mode": "managed",
      "type": "aci_contract",
      "name": "foocontract",
      "provider": "provider[\"registry.terraform.io/ciscodevnet/aci\"]",
      "instances": [
        {
          "schema_version": 1,
          "attributes": {
            "annotation": "tag_contract",
            "description": "%s",
            "filter": [],
            "filter_entry_ids": [],
            "filter_ids": [],
            "id": "uni/tn-test-tenant/brc-demo_contract",
            "name": "demo_contract",
            "name_alias": "alias_contract",
            "prio": "level1",
            "relation_vz_rs_graph_att": "",
            "scope": "tenant",
            "target_dscp": "unspecified",
            "tenant_dn": "uni/tn-test-tenant"
          },
          "sensitive_attributes": [],
          "private": "eyJzY2hlbWFfdmVyc2lvbiI6IjEifQ==",
          "dependencies": [
            "aci_tenant.test-tenant"
          ]
        }
      ]
    },
    {
      "mode": "managed",
      "type": "aci_l2_outside",
      "name": "example",
      "provider": "provider[\"registry.terraform.io/ciscodevnet/aci\"]",
      "instances": [
        {
          "schema_version": 1,
          "attributes": {
            "annotation": "example",
            "description": "",
            "id": "uni/tn-test-tenant/l2out-example",
            "name": "example",
            "name_alias": "example",
            "relation_l2ext_rs_e_bd": null,
            "relation_l2ext_rs_l2_dom_att": "",
            "target_dscp": "AF11",
            "tenant_dn": "uni/tn-test-tenant"
          },
          "sensitive_attributes": [],
          "private": "eyJzY2hlbWFfdmVyc2lvbiI6IjEifQ==",
          "dependencies": [
            "aci_tenant.test-tenant"
          ]
        }
      ]
    },
    {
      "mode": "managed",
      "type": "aci_tenant",
      "name": "test-tenant",
      "provider": "provider[\"registry.terraform.io/ciscodevnet/aci\"]",
      "instances": [
        {
          "schema_version": 1,
          "attributes": {
            "annotation": "orchestrator:terraform",
            "description": "This tenant is created by terraform",
            "id": "uni/tn-test-tenant",
            "name": "test-tenant",
            "name_alias": "",
            "relation_fv_rs_tenant_mon_pol": null,
            "relation_fv_rs_tn_deny_rule": null
          },
          "sensitive_attributes": [],
          "private": "eyJzY2hlbWFfdmVyc2lvbiI6IjEifQ=="
        }
      ]
    }
  ]
}
